
Microsoft Visual Studio Solution File, Format Version 12.00
# Visual Studio Version 17
VisualStudioVersion = 17.8.34525.116
MinimumVisualStudioVersion = 10.0.40219.1
Project("{FAE04EC0-301F-11D3-BF4B-00C04F79EFBC}") = "ShowCase.Application.Api", "ShowCase.Application.Api\ShowCase.Application.Api.csproj", "{033E937B-B7B1-4DB7-A45F-CFA010BE7731}"
EndProject
Project("{FAE04EC0-301F-11D3-BF4B-00C04F79EFBC}") = "ShowCase.Application.Client", "ShowCase.Application.Client\ShowCase.Application.Client.csproj", "{C8B13467-5E39-4EA5-A7E4-7D790C8203E4}"
EndProject
Project("{FAE04EC0-301F-11D3-BF4B-00C04F79EFBC}") = "ShowCase.Application.Library", "ShowCase.Application.Library\ShowCase.Application.Library.csproj", "{06314C99-5AC6-4667-B8CE-9C29DAF638E5}"
EndProject
Project("{FAE04EC0-301F-11D3-BF4B-00C04F79EFBC}") = "Showcase.Blazor.WebServer", "Showcase.Blazor.WebServer\Showcase.Blazor.WebServer.csproj", "{467D3DD5-E1CD-4AAC-9285-674DAD9EAD01}"
EndProject
Global
	GlobalSection(SolutionConfigurationPlatforms) = preSolution
		Debug|Any CPU = Debug|Any CPU
		Release|Any CPU = Release|Any CPU
	EndGlobalSection
	GlobalSection(ProjectConfigurationPlatforms) = postSolution
		{033E937B-B7B1-4DB7-A45F-CFA010BE7731}.Debug|Any CPU.ActiveCfg = Debug|Any CPU
		{033E937B-B7B1-4DB7-A45F-CFA010BE7731}.Debug|Any CPU.Build.0 = Debug|Any CPU
		{033E937B-B7B1-4DB7-A45F-CFA010BE7731}.Release|Any CPU.ActiveCfg = Release|Any CPU
		{033E937B-B7B1-4DB7-A45F-CFA010BE7731}.Release|Any CPU.Build.0 = Release|Any CPU
		{C8B13467-5E39-4EA5-A7E4-7D790C8203E4}.Debug|Any CPU.ActiveCfg = Debug|Any CPU
		{C8B13467-5E39-4EA5-A7E4-7D790C8203E4}.Debug|Any CPU.Build.0 = Debug|Any CPU
		{C8B13467-5E39-4EA5-A7E4-7D790C8203E4}.Release|Any CPU.ActiveCfg = Release|Any CPU
		{C8B13467-5E39-4EA5-A7E4-7D790C8203E4}.Release|Any CPU.Build.0 = Release|Any CPU
		{06314C99-5AC6-4667-B8CE-9C29DAF638E5}.Debug|Any CPU.ActiveCfg = Debug|Any CPU
		{06314C99-5AC6-4667-B8CE-9C29DAF638E5}.Debug|Any CPU.Build.0 = Debug|Any CPU
		{06314C99-5AC6-4667-B8CE-9C29DAF638E5}.Release|Any CPU.ActiveCfg = Release|Any CPU
		{06314C99-5AC6-4667-B8CE-9C29DAF638E5}.Release|Any CPU.Build.0 = Release|Any CPU
		{467D3DD5-E1CD-4AAC-9285-674DAD9EAD01}.Debug|Any CPU.ActiveCfg = Debug|Any CPU
		{467D3DD5-E1CD-4AAC-9285-674DAD9EAD01}.Debug|Any CPU.Build.0 = Debug|Any CPU
		{467D3DD5-E1CD-4AAC-9285-674DAD9EAD01}.Release|Any CPU.ActiveCfg = Release|Any CPU
		{467D3DD5-E1CD-4AAC-9285-674DAD9EAD01}.Release|Any CPU.Build.0 = Release|Any CPU
	EndGlobalSection
	GlobalSection(SolutionProperties) = preSolution
		HideSolutionNode = FALSE
	EndGlobalSection
	GlobalSection(ExtensibilityGlobals) = postSolution
		SolutionGuid = {8CD7D72B-AF44-41EB-B575-96A8338AB607}
	EndGlobalSection
EndGlobal
